// !$*UTF8*$!
{
	archiveVersion = 1;
	classes = {
	};
	objectVersion = 46;
	objects = {

/* Begin PBXBuildFile section */
		0602EB3E1ADE0B820068035E /* main.m in Sources */ = {isa = PBXBuildFile; fileRef = 0602EB3D1ADE0B820068035E /* main.m */; };
		0602EB411ADE0B820068035E /* AppDelegate.m in Sources */ = {isa = PBXBuildFile; fileRef = 0602EB401ADE0B820068035E /* AppDelegate.m */; };
		0602EB471ADE0B820068035E /* Main.storyboard in Resources */ = {isa = PBXBuildFile; fileRef = 0602EB451ADE0B820068035E /* Main.storyboard */; };
		0602EB491ADE0B820068035E /* Images.xcassets in Resources */ = {isa = PBXBuildFile; fileRef = 0602EB481ADE0B820068035E /* Images.xcassets */; };
		0602EB4C1ADE0B820068035E /* LaunchScreen.xib in Resources */ = {isa = PBXBuildFile; fileRef = 0602EB4A1ADE0B820068035E /* LaunchScreen.xib */; };
		0602EB581ADE0B820068035E /* VFLTests.m in Sources */ = {isa = PBXBuildFile; fileRef = 0602EB571ADE0B820068035E /* VFLTests.m */; };
		0602EB661ADE12B00068035E /* ViewController.m in Sources */ = {isa = PBXBuildFile; fileRef = 0602EB651ADE12B00068035E /* ViewController.m */; };
		0602EB691ADE13BD0068035E /* HScrollViewController.m in Sources */ = {isa = PBXBuildFile; fileRef = 0602EB681ADE13BD0068035E /* HScrollViewController.m */; };
		0602EB6C1ADE13CE0068035E /* VScrollViewController.m in Sources */ = {isa = PBXBuildFile; fileRef = 0602EB6B1ADE13CE0068035E /* VScrollViewController.m */; };
		0602EB6F1ADE13DA0068035E /* HVScrollViewController.m in Sources */ = {isa = PBXBuildFile; fileRef = 0602EB6E1ADE13DA0068035E /* HVScrollViewController.m */; };
/* End PBXBuildFile section */

/* Begin PBXContainerItemProxy section */
		0602EB521ADE0B820068035E /* PBXContainerItemProxy */ = {
			isa = PBXContainerItemProxy;
			containerPortal = 0602EB301ADE0B820068035E /* Project object */;
			proxyType = 1;
			remoteGlobalIDString = 0602EB371ADE0B820068035E;
			remoteInfo = VFL;
		};
/* End PBXContainerItemProxy section */

/* Begin PBXFileReference section */
		0602EB381ADE0B820068035E /* VFL.app */ = {isa = PBXFileReference; explicitFileType = wrapper.application; includeInIndex = 0; path = VFL.app; sourceTree = BUILT_PRODUCTS_DIR; };
		0602EB3C1ADE0B820068035E /* Info.plist */ = {isa = PBXFileReference; lastKnownFileType = text.plist.xml; path = Info.plist; sourceTree = "<group>"; };
		0602EB3D1ADE0B820068035E /* main.m */ = {isa = PBXFileReference; lastKnownFileType = sourcecode.c.objc; path = main.m; sourceTree = "<group>"; };
		0602EB3F1ADE0B820068035E /* AppDelegate.h */ = {isa = PBXFileReference; lastKnownFileType = sourcecode.c.h; path = AppDelegate.h; sourceTree = "<group>"; };
		0602EB401ADE0B820068035E /* AppDelegate.m */ = {isa = PBXFileReference; lastKnownFileType = sourcecode.c.objc; path = AppDelegate.m; sourceTree = "<group>"; };
		0602EB461ADE0B820068035E /* Base */ = {isa = PBXFileReference; lastKnownFileType = file.storyboard; name = Base; path = Base.lproj/Main.storyboard; sourceTree = "<group>"; };
		0602EB481ADE0B820068035E /* Images.xcassets */ = {isa = PBXFileReference; lastKnownFileType = folder.assetcatalog; path = Images.xcassets; sourceTree = "<group>"; };
		0602EB4B1ADE0B820068035E /* Base */ = {isa = PBXFileReference; lastKnownFileType = file.xib; name = Base; path = Base.lproj/LaunchScreen.xib; sourceTree = "<group>"; };
		0602EB511ADE0B820068035E /* VFLTests.xctest */ = {isa = PBXFileReference; explicitFileType = wrapper.cfbundle; includeInIndex = 0; path = VFLTests.xctest; sourceTree = BUILT_PRODUCTS_DIR; };
		0602EB561ADE0B820068035E /* Info.plist */ = {isa = PBXFileReference; lastKnownFileType = text.plist.xml; path = Info.plist; sourceTree = "<group>"; };
		0602EB571ADE0B820068035E /* VFLTests.m */ = {isa = PBXFileReference; lastKnownFileType = sourcecode.c.objc; path = VFLTests.m; sourceTree = "<group>"; };
		0602EB641ADE12B00068035E /* ViewController.h */ = {isa = PBXFileReference; fileEncoding = 4; lastKnownFileType = sourcecode.c.h; path = ViewController.h; sourceTree = "<group>"; };
		0602EB651ADE12B00068035E /* ViewController.m */ = {isa = PBXFileReference; fileEncoding = 4; lastKnownFileType = sourcecode.c.objc; path = ViewController.m; sourceTree = "<group>"; };
		0602EB671ADE13BD0068035E /* HScrollViewController.h */ = {isa = PBXFileReference; fileEncoding = 4; lastKnownFileType = sourcecode.c.h; path = HScrollViewController.h; sourceTree = "<group>"; };
		0602EB681ADE13BD0068035E /* HScrollViewController.m */ = {isa = PBXFileReference; fileEncoding = 4; lastKnownFileType = sourcecode.c.objc; path = HScrollViewController.m; sourceTree = "<group>"; };
		0602EB6A1ADE13CE0068035E /* VScrollViewController.h */ = {isa = PBXFileReference; fileEncoding = 4; lastKnownFileType = sourcecode.c.h; path = VScrollViewController.h; sourceTree = "<group>"; };
		0602EB6B1ADE13CE0068035E /* VScrollViewController.m */ = {isa = PBXFileReference; fileEncoding = 4; lastKnownFileType = sourcecode.c.objc; path = VScrollViewController.m; sourceTree = "<group>"; };
		0602EB6D1ADE13DA0068035E /* HVScrollViewController.h */ = {isa = PBXFileReference; fileEncoding = 4; lastKnownFileType = sourcecode.c.h; path = HVScrollViewController.h; sourceTree = "<group>"; };
		0602EB6E1ADE13DA0068035E /* HVScrollViewController.m */ = {isa = PBXFileReference; fileEncoding = 4; lastKnownFileType = sourcecode.c.objc; path = HVScrollViewController.m; sourceTree = "<group>"; };
/* End PBXFileReference section */

/* Begin PBXFrameworksBuildPhase section */
		0602EB351ADE0B820068035E /* Frameworks */ = {
			isa = PBXFrameworksBuildPhase;
			buildActionMask = 2147483647;
			files = (
			);
			runOnlyForDeploymentPostprocessing = 0;
		};
		0602EB4E1ADE0B820068035E /* Frameworks */ = {
			isa = PBXFrameworksBuildPhase;
			buildActionMask = 2147483647;
			files = (
			);
			runOnlyForDeploymentPostprocessing = 0;
		};
/* End PBXFrameworksBuildPhase section */

/* Begin PBXGroup section */
		0602EB2F1ADE0B820068035E = {
			isa = PBXGroup;
			children = (
				0602EB3A1ADE0B820068035E /* VFL */,
				0602EB541ADE0B820068035E /* VFLTests */,
				0602EB391ADE0B820068035E /* Products */,
			);
			sourceTree = "<group>";
		};
		0602EB391ADE0B820068035E /* Products */ = {
			isa = PBXGroup;
			children = (
				0602EB381ADE0B820068035E /* VFL.app */,
				0602EB511ADE0B820068035E /* VFLTests.xctest */,
			);
			name = Products;
			sourceTree = "<group>";
		};
		0602EB3A1ADE0B820068035E /* VFL */ = {
			isa = PBXGroup;
			children = (
				0602EB631ADE12B00068035E /* Controller */,
				0602EB3F1ADE0B820068035E /* AppDelegate.h */,
				0602EB401ADE0B820068035E /* AppDelegate.m */,
				0602EB451ADE0B820068035E /* Main.storyboard */,
				0602EB481ADE0B820068035E /* Images.xcassets */,
				0602EB4A1ADE0B820068035E /* LaunchScreen.xib */,
				0602EB3B1ADE0B820068035E /* Supporting Files */,
			);
			path = VFL;
			sourceTree = "<group>";
		};
		0602EB3B1ADE0B820068035E /* Supporting Files */ = {
			isa = PBXGroup;
			children = (
				0602EB3C1ADE0B820068035E /* Info.plist */,
				0602EB3D1ADE0B820068035E /* main.m */,
			);
			name = "Supporting Files";
			sourceTree = "<group>";
		};
		0602EB541ADE0B820068035E /* VFLTests */ = {
			isa = PBXGroup;
			children = (
				0602EB571ADE0B820068035E /* VFLTests.m */,
				0602EB551ADE0B820068035E /* Supporting Files */,
			);
			path = VFLTests;
			sourceTree = "<group>";
		};
		0602EB551ADE0B820068035E /* Supporting Files */ = {
			isa = PBXGroup;
			children = (
				0602EB561ADE0B820068035E /* Info.plist */,
			);
			name = "Supporting Files";
			sourceTree = "<group>";
		};
		0602EB631ADE12B00068035E /* Controller */ = {
			isa = PBXGroup;
			children = (
				0602EB641ADE12B00068035E /* ViewController.h */,
				0602EB651ADE12B00068035E /* ViewController.m */,
				0602EB671ADE13BD0068035E /* HScrollViewController.h */,
				0602EB681ADE13BD0068035E /* HScrollViewController.m */,
				0602EB6A1ADE13CE0068035E /* VScrollViewController.h */,
				0602EB6B1ADE13CE0068035E /* VScrollViewController.m */,
				0602EB6D1ADE13DA0068035E /* HVScrollViewController.h */,
				0602EB6E1ADE13DA0068035E /* HVScrollViewController.m */,
			);
			path = Controller;
			sourceTree = "<group>";
		};
/* End PBXGroup section */

/* Begin PBXNativeTarget section */
		0602EB371ADE0B820068035E /* VFL */ = {
			isa = PBXNativeTarget;
			buildConfigurationList = 0602EB5B1ADE0B820068035E /* Build configuration list for PBXNativeTarget "VFL" */;
			buildPhases = (
				0602EB341ADE0B820068035E /* Sources */,
				0602EB351ADE0B820068035E /* Frameworks */,
				0602EB361ADE0B820068035E /* Resources */,
			);
			buildRules = (
			);
			dependencies = (
			);
			name = VFL;
			productName = VFL;
			productReference = 0602EB381ADE0B820068035E /* VFL.app */;
			productType = "com.apple.product-type.application";
		};
		0602EB501ADE0B820068035E /* VFLTests */ = {
			isa = PBXNativeTarget;
			buildConfigurationList = 0602EB5E1ADE0B820068035E /* Build configuration list for PBXNativeTarget "VFLTests" */;
			buildPhases = (
				0602EB4D1ADE0B820068035E /* Sources */,
				0602EB4E1ADE0B820068035E /* Frameworks */,
				0602EB4F1ADE0B820068035E /* Resources */,
			);
			buildRules = (
			);
			dependencies = (
				0602EB531ADE0B820068035E /* PBXTargetDependency */,
			);
			name = VFLTests;
			productName = VFLTests;
			productReference = 0602EB511ADE0B820068035E /* VFLTests.xctest */;
			productType = "com.apple.product-type.bundle.unit-test";
		};
/* End PBXNativeTarget section */

/* Begin PBXProject section */
		0602EB301ADE0B820068035E /* Project object */ = {
			isa = PBXProject;
			attributes = {
				LastUpgradeCheck = 0630;
				ORGANIZATIONNAME = "机智的新手";
				TargetAttributes = {
					0602EB371ADE0B820068035E = {
						CreatedOnToolsVersion = 6.3;
					};
					0602EB501ADE0B820068035E = {
						CreatedOnToolsVersion = 6.3;
						TestTargetID = 0602EB371ADE0B820068035E;
					};
				};
			};
			buildConfigurationList = 0602EB331ADE0B820068035E /* Build configuration list for PBXProject "VFL" */;
			compatibilityVersion = "Xcode 3.2";
			developmentRegion = English;
			hasScannedForEncodings = 0;
			knownRegions = (
				en,
				Base,
			);
			mainGroup = 0602EB2F1ADE0B820068035E;
			productRefGroup = 0602EB391ADE0B820068035E /* Products */;
			projectDirPath = "";
			projectRoot = "";
			targets = (
				0602EB371ADE0B820068035E /* VFL */,
				0602EB501ADE0B820068035E /* VFLTests */,
			);
		};
/* End PBXProject section */

/* Begin PBXResourcesBuildPhase section */
		0602EB361ADE0B820068035E /* Resources */ = {
			isa = PBXResourcesBuildPhase;
			buildActionMask = 2147483647;
			files = (
				0602EB471ADE0B820068035E /* Main.storyboard in Resources */,
				0602EB4C1ADE0B820068035E /* LaunchScreen.xib in Resources */,
				0602EB491ADE0B820068035E /* Images.xcassets in Resources */,
			);
			runOnlyForDeploymentPostprocessing = 0;
		};
		0602EB4F1ADE0B820068035E /* Resources */ = {
			isa = PBXResourcesBuildPhase;
			buildActionMask = 2147483647;
			files = (
			);
			runOnlyForDeploymentPostprocessing = 0;
		};
/* End PBXResourcesBuildPhase section */

/* Begin PBXSourcesBuildPhase section */
		0602EB341ADE0B820068035E /* Sources */ = {
			isa = PBXSourcesBuildPhase;
			buildActionMask = 2147483647;
			files = (
				0602EB691ADE13BD0068035E /* HScrollViewController.m in Sources */,
				0602EB6F1ADE13DA0068035E /* HVScrollViewController.m in Sources */,
				0602EB661ADE12B00068035E /* ViewController.m in Sources */,
				0602EB6C1ADE13CE0068035E /* VScrollViewController.m in Sources */,
				0602EB411ADE0B820068035E /* AppDelegate.m in Sources */,
				0602EB3E1ADE0B820068035E /* main.m in Sources */,
			);
			runOnlyForDeploymentPostprocessing = 0;
		};
		0602EB4D1ADE0B820068035E /* Sources */ = {
			isa = PBXSourcesBuildPhase;
			buildActionMask = 2147483647;
			files = (
				0602EB581ADE0B820068035E /* VFLTests.m in Sources */,
			);
			runOnlyForDeploymentPostprocessing = 0;
		};
/* End PBXSourcesBuildPhase section */

/* Begin PBXTargetDependency section */
		0602EB531ADE0B820068035E /* PBXTargetDependency */ = {
			isa = PBXTargetDependency;
			target = 0602EB371ADE0B820068035E /* VFL */;
			targetProxy = 0602EB521ADE0B820068035E /* PBXContainerItemProxy */;
		};
/* End PBXTargetDependency section */

/* Begin PBXVariantGroup section */
		0602EB451ADE0B820068035E /* Main.storyboard */ = {
			isa = PBXVariantGroup;
			children = (
				0602EB461ADE0B820068035E /* Base */,
			);
			name = Main.storyboard;
			sourceTree = "<group>";
		};
		0602EB4A1ADE0B820068035E /* LaunchScreen.xib */ = {
			isa = PBXVariantGroup;
			children = (
				0602EB4B1ADE0B820068035E /* Base */,
			);
			name = LaunchScreen.xib;
			sourceTree = "<group>";
		};
/* End PBXVariantGroup section */

/* Begin XCBuildConfiguration section */
		0602EB591ADE0B820068035E /* Debug */ = {
			isa = XCBuildConfiguration;
			buildSettings = {
				ALWAYS_SEARCH_USER_PATHS = NO;
				CLANG_CXX_LANGUAGE_STANDARD = "gnu++0x";
				CLANG_CXX_LIBRARY = "libc++";
				CLANG_ENABLE_MODULES = YES;
				CLANG_ENABLE_OBJC_ARC = YES;
				CLANG_WARN_BOOL_CONVERSION = YES;
				CLANG_WARN_CONSTANT_CONVERSION = YES;
				CLANG_WARN_DIRECT_OBJC_ISA_USAGE = YES_ERROR;
				CLANG_WARN_EMPTY_BODY = YES;
				CLANG_WARN_ENUM_CONVERSION = YES;
				CLANG_WARN_INT_CONVERSION = YES;
				CLANG_WARN_OBJC_ROOT_CLASS = YES_ERROR;
				CLANG_WARN_UNREACHABLE_CODE = YES;
				CLANG_WARN__DUPLICATE_METHOD_MATCH = YES;
				"CODE_SIGN_IDENTITY[sdk=iphoneos*]" = "iPhone Developer";
				COPY_PHASE_STRIP = NO;
				DEBUG_INFORMATION_FORMAT = "dwarf-with-dsym";
				ENABLE_STRICT_OBJC_MSGSEND = YES;
				GCC_C_LANGUAGE_STANDARD = gnu99;
				GCC_DYNAMIC_NO_PIC = NO;
				GCC_NO_COMMON_BLOCKS = YES;
				GCC_OPTIMIZATION_LEVEL = 0;
				GCC_PREPROCESSOR_DEFINITIONS = (
					"DEBUG=1",
					"$(inherited)",
				);
				GCC_SYMBOLS_PRIVATE_EXTERN = NO;
				GCC_WARN_64_TO_32_BIT_CONVERSION = YES;
				GCC_WARN_ABOUT_RETURN_TYPE = YES_ERROR;
				GCC_WARN_UNDECLARED_SELECTOR = YES;
				GCC_WARN_UNINITIALIZED_AUTOS = YES_AGGRESSIVE;
				GCC_WARN_UNUSED_FUNCTION = YES;
				GCC_WARN_UNUSED_VARIABLE = YES;
				IPHONEOS_DEPLOYMENT_TARGET = 8.3;
				MTL_ENABLE_DEBUG_INFO = YES;
				ONLY_ACTIVE_ARCH = YES;
				SDKROOT = iphoneos;
			};
			name = Debug;
		};
		0602EB5A1ADE0B820068035E /* Release */ = {
			isa = XCBuildConfiguration;
			buildSettings = {
				ALWAYS_SEARCH_USER_PATHS = NO;
				CLANG_CXX_LANGUAGE_STANDARD = "gnu++0x";
				CLANG_CXX_LIBRARY = "libc++";
				CLANG_ENABLE_MODULES = YES;
				CLANG_ENABLE_OBJC_ARC = YES;
				CLANG_WARN_BOOL_CONVERSION = YES;
				CLANG_WARN_CONSTANT_CONVERSION = YES;
				CLANG_WARN_DIRECT_OBJC_ISA_USAGE = YES_ERROR;
				CLANG_WARN_EMPTY_BODY = YES;
				CLANG_WARN_ENUM_CONVERSION = YES;
				CLANG_WARN_INT_CONVERSION = YES;
				CLANG_WARN_OBJC_ROOT_CLASS = YES_ERROR;
				CLANG_WARN_UNREACHABLE_CODE = YES;
				CLANG_WARN__DUPLICATE_METHOD_MATCH = YES;
				"CODE_SIGN_IDENTITY[sdk=iphoneos*]" = "iPhone Developer";
				COPY_PHASE_STRIP = NO;
				DEBUG_INFORMATION_FORMAT = "dwarf-with-dsym";
				ENABLE_NS_ASSERTIONS = NO;
				ENABLE_STRICT_OBJC_MSGSEND = YES;
				GCC_C_LANGUAGE_STANDARD = gnu99;
				GCC_NO_COMMON_BLOCKS = YES;
				GCC_WARN_64_TO_32_BIT_CONVERSION = YES;
				GCC_WARN_ABOUT_RETURN_TYPE = YES_ERROR;
				GCC_WARN_UNDECLARED_SELECTOR = YES;
				GCC_WARN_UNINITIALIZED_AUTOS = YES_AGGRESSIVE;
				GCC_WARN_UNUSED_FUNCTION = YES;
				GCC_WARN_UNUSED_VARIABLE = YES;
				IPHONEOS_DEPLOYMENT_TARGET = 8.3;
				MTL_ENABLE_DEBUG_INFO = NO;
				SDKROOT = iphoneos;
				VALIDATE_PRODUCT = YES;
			};
			name = Release;
		};
		0602EB5C1ADE0B820068035E /* Debug */ = {
			isa = XCBuildConfiguration;
			buildSettings = {
				ASSETCATALOG_COMPILER_APPICON_NAME = AppIcon;
				INFOPLIST_FILE = VFL/Info.plist;
				LD_RUNPATH_SEARCH_PATHS = "$(inherited) @executable_path/Frameworks";
				PRODUCT_NAME = "$(TARGET_NAME)";
			};
			name = Debug;
		};
		0602EB5D1ADE0B820068035E /* Release */ = {
			isa = XCBuildConfiguration;
			buildSettings = {
				ASSETCATALOG_COMPILER_APPICON_NAME = AppIcon;
				INFOPLIST_FILE = VFL/Info.plist;
				LD_RUNPATH_SEARCH_PATHS = "$(inherited) @executable_path/Frameworks";
				PRODUCT_NAME = "$(TARGET_NAME)";
			};
			name = Release;
		};
		0602EB5F1ADE0B820068035E /* Debug */ = {
			isa = XCBuildConfiguration;
			buildSettings = {
				BUNDLE_LOADER = "$(TEST_HOST)";
				FRAMEWORK_SEARCH_PATHS = (
					"$(SDKROOT)/Developer/Library/Frameworks",
					"$(inherited)",
				);
				GCC_PREPROCESSOR_DEFINITIONS = (
					"DEBUG=1",
					"$(inherited)",
				);
				INFOPLIST_FILE = VFLTests/Info.plist;
				LD_RUNPATH_SEARCH_PATHS = "$(inherited) @executable_path/Frameworks @loader_path/Frameworks";
				PRODUCT_NAME = "$(TARGET_NAME)";
				TEST_HOST = "$(BUILT_PRODUCTS_DIR)/VFL.app/VFL";
			};
			name = Debug;
		};
		0602EB601ADE0B820068035E /* Release */ = {
			isa = XCBuildConfiguration;
			buildSettings = {
				BUNDLE_LOADER = "$(TEST_HOST)";
				FRAMEWORK_SEARCH_PATHS = (
					"$(SDKROOT)/Developer/Library/Frameworks",
					"$(inherited)",
				);
				INFOPLIST_FILE = VFLTests/Info.plist;
				LD_RUNPATH_SEARCH_PATHS = "$(inherited) @executable_path/Frameworks @loader_path/Frameworks";
				PRODUCT_NAME = "$(TARGET_NAME)";
				TEST_HOST = "$(BUILT_PRODUCTS_DIR)/VFL.app/VFL";
			};
			name = Release;
		};
/* End XCBuildConfiguration section */

/* Begin XCConfigurationList section */
		0602EB331ADE0B820068035E /* Build configuration list for PBXProject "VFL" */ = {
			isa = XCConfigurationList;
			buildConfigurations = (
				0602EB591ADE0B820068035E /* Debug */,
				0602EB5A1ADE0B820068035E /* Release */,
			);
			defaultConfigurationIsVisible = 0;
			defaultConfigurationName = Release;
		};
		0602EB5B1ADE0B820068035E /* Build configuration list for PBXNativeTarget "VFL" */ = {
			isa = XCConfigurationList;
			buildConfigurations = (
				0602EB5C1ADE0B820068035E /* Debug */,
				0602EB5D1ADE0B820068035E /* Release */,
			);
			defaultConfigurationIsVisible = 0;
		};
		0602EB5E1ADE0B820068035E /* Build configuration list for PBXNativeTarget "VFLTests" */ = {
			isa = XCConfigurationList;
			buildConfigurations = (
				0602EB5F1ADE0B820068035E /* Debug */,
				0602EB601ADE0B820068035E /* Release */,
			);
			defaultConfigurationIsVisible = 0;
		};
/* End XCConfigurationList section */
	};
	rootObject = 0602EB301ADE0B820068035E /* Project object */;
}
